
Microsoft Visual Studio Solution File, Format Version 12.00
# Visual Studio Version 17
VisualStudioVersion = 17.0.31903.59
MinimumVisualStudioVersion = 10.0.40219.1
Project("{2150E333-8FDC-42A3-9474-1A3956D46DE8}") = "apps", "apps", "{58BD5A91-9F13-495E-80C4-C97BAF6A0343}"
EndProject
Project("{FAE04EC0-301F-11D3-BF4B-00C04F79EFBC}") = "ApiGateway", "apps\api-gateway\ApiGateway.csproj", "{15B5B465-F0EB-4F45-893B-9FE023AE7D21}"
EndProject
Project("{FAE04EC0-301F-11D3-BF4B-00C04F79EFBC}") = "AuthService", "apps\auth-service\AuthService.csproj", "{86B0637D-886B-4143-80E6-8B8CEAF90644}"
EndProject
Project("{FAE04EC0-301F-11D3-BF4B-00C04F79EFBC}") = "CoreService", "apps\core-service\CoreService.csproj", "{F9AC43A4-77D5-4B19-861F-873C2F081D8B}"
EndProject
Project("{FAE04EC0-301F-11D3-BF4B-00C04F79EFBC}") = "NotificationService", "apps\notification-service\NotificationService.csproj", "{D5CC3B00-8567-49B3-84BA-C6204EF1BD2E}"
EndProject
Project("{FAE04EC0-301F-11D3-BF4B-00C04F79EFBC}") = "SearchService", "apps\search-service\SearchService.csproj", "{536D5AC3-A275-48BA-BBA7-2E130E5522E3}"
EndProject
Project("{2150E333-8FDC-42A3-9474-1A3956D46DE8}") = "shared", "shared", "{43F2556A-DE6E-4634-9260-76A9EA6ECD6C}"
EndProject
Project("{FAE04EC0-301F-11D3-BF4B-00C04F79EFBC}") = "DeskMatch.BuildingBlocks", "shared\building-blocks\DeskMatch.BuildingBlocks.csproj", "{6F30B008-3B01-42BC-9008-7E07ADED4CBC}"
EndProject
Project("{FAE04EC0-301F-11D3-BF4B-00C04F79EFBC}") = "DeskMatch.Domain", "shared\domain\DeskMatch.Domain.csproj", "{4E5C250E-3D6A-4099-8EB4-EEEADDE779CA}"
EndProject
Project("{2150E333-8FDC-42A3-9474-1A3956D46DE8}") = "sdk", "sdk", "{0BEE93F9-DA3B-4E57-9F02-6A251453F161}"
EndProject
Project("{2150E333-8FDC-42A3-9474-1A3956D46DE8}") = "src", "src", "{FA351550-9988-401B-8202-5F538018FB0C}"
EndProject
Project("{FAE04EC0-301F-11D3-BF4B-00C04F79EFBC}") = "DeskMatch.SDK.Notification", "shared\sdk\src\Notification\DeskMatch.SDK.Notification.csproj", "{12DE716A-F1C6-4EB5-B939-135CBBF7F6D5}"
EndProject
Project("{FAE04EC0-301F-11D3-BF4B-00C04F79EFBC}") = "DeskMatch.SDK.OpenSearch", "shared\sdk\src\OpenSearch\DeskMatch.SDK.OpenSearch.csproj", "{A96DA197-10F1-4AC1-BE06-75D439FE0F3F}"
EndProject
Project("{FAE04EC0-301F-11D3-BF4B-00C04F79EFBC}") = "DeskMatch.SDK.Redis", "shared\sdk\src\Redis\DeskMatch.SDK.Redis.csproj", "{AD8DAF08-7570-4777-A43B-EFB800B84CF2}"
EndProject
Project("{FAE04EC0-301F-11D3-BF4B-00C04F79EFBC}") = "DeskMatch.SDK.Storage", "shared\sdk\src\Storage\DeskMatch.SDK.Storage.csproj", "{71996ADF-5853-4CAF-837E-92A03C59FEF2}"
EndProject
Project("{FAE04EC0-301F-11D3-BF4B-00C04F79EFBC}") = "DeskMatch.SDK.Ollama", "shared\sdk\src\Ollama\DeskMatch.SDK.Ollama.csproj", "{6AD658B1-0657-4C91-84EF-D7B1C08C6120}"
EndProject
Global
	GlobalSection(SolutionConfigurationPlatforms) = preSolution
		Debug|Any CPU = Debug|Any CPU
		Debug|x64 = Debug|x64
		Debug|x86 = Debug|x86
		Release|Any CPU = Release|Any CPU
		Release|x64 = Release|x64
		Release|x86 = Release|x86
	EndGlobalSection
	GlobalSection(ProjectConfigurationPlatforms) = postSolution
		{15B5B465-F0EB-4F45-893B-9FE023AE7D21}.Debug|Any CPU.ActiveCfg = Debug|Any CPU
		{15B5B465-F0EB-4F45-893B-9FE023AE7D21}.Debug|Any CPU.Build.0 = Debug|Any CPU
		{15B5B465-F0EB-4F45-893B-9FE023AE7D21}.Debug|x64.ActiveCfg = Debug|Any CPU
		{15B5B465-F0EB-4F45-893B-9FE023AE7D21}.Debug|x64.Build.0 = Debug|Any CPU
		{15B5B465-F0EB-4F45-893B-9FE023AE7D21}.Debug|x86.ActiveCfg = Debug|Any CPU
		{15B5B465-F0EB-4F45-893B-9FE023AE7D21}.Debug|x86.Build.0 = Debug|Any CPU
		{15B5B465-F0EB-4F45-893B-9FE023AE7D21}.Release|Any CPU.ActiveCfg = Release|Any CPU
		{15B5B465-F0EB-4F45-893B-9FE023AE7D21}.Release|Any CPU.Build.0 = Release|Any CPU
		{15B5B465-F0EB-4F45-893B-9FE023AE7D21}.Release|x64.ActiveCfg = Release|Any CPU
		{15B5B465-F0EB-4F45-893B-9FE023AE7D21}.Release|x64.Build.0 = Release|Any CPU
		{15B5B465-F0EB-4F45-893B-9FE023AE7D21}.Release|x86.ActiveCfg = Release|Any CPU
		{15B5B465-F0EB-4F45-893B-9FE023AE7D21}.Release|x86.Build.0 = Release|Any CPU
		{86B0637D-886B-4143-80E6-8B8CEAF90644}.Debug|Any CPU.ActiveCfg = Debug|Any CPU
		{86B0637D-886B-4143-80E6-8B8CEAF90644}.Debug|Any CPU.Build.0 = Debug|Any CPU
		{86B0637D-886B-4143-80E6-8B8CEAF90644}.Debug|x64.ActiveCfg = Debug|Any CPU
		{86B0637D-886B-4143-80E6-8B8CEAF90644}.Debug|x64.Build.0 = Debug|Any CPU
		{86B0637D-886B-4143-80E6-8B8CEAF90644}.Debug|x86.ActiveCfg = Debug|Any CPU
		{86B0637D-886B-4143-80E6-8B8CEAF90644}.Debug|x86.Build.0 = Debug|Any CPU
		{86B0637D-886B-4143-80E6-8B8CEAF90644}.Release|Any CPU.ActiveCfg = Release|Any CPU
		{86B0637D-886B-4143-80E6-8B8CEAF90644}.Release|Any CPU.Build.0 = Release|Any CPU
		{86B0637D-886B-4143-80E6-8B8CEAF90644}.Release|x64.ActiveCfg = Release|Any CPU
		{86B0637D-886B-4143-80E6-8B8CEAF90644}.Release|x64.Build.0 = Release|Any CPU
		{86B0637D-886B-4143-80E6-8B8CEAF90644}.Release|x86.ActiveCfg = Release|Any CPU
		{86B0637D-886B-4143-80E6-8B8CEAF90644}.Release|x86.Build.0 = Release|Any CPU
		{F9AC43A4-77D5-4B19-861F-873C2F081D8B}.Debug|Any CPU.ActiveCfg = Debug|Any CPU
		{F9AC43A4-77D5-4B19-861F-873C2F081D8B}.Debug|Any CPU.Build.0 = Debug|Any CPU
		{F9AC43A4-77D5-4B19-861F-873C2F081D8B}.Debug|x64.ActiveCfg = Debug|Any CPU
		{F9AC43A4-77D5-4B19-861F-873C2F081D8B}.Debug|x64.Build.0 = Debug|Any CPU
		{F9AC43A4-77D5-4B19-861F-873C2F081D8B}.Debug|x86.ActiveCfg = Debug|Any CPU
		{F9AC43A4-77D5-4B19-861F-873C2F081D8B}.Debug|x86.Build.0 = Debug|Any CPU
		{F9AC43A4-77D5-4B19-861F-873C2F081D8B}.Release|Any CPU.ActiveCfg = Release|Any CPU
		{F9AC43A4-77D5-4B19-861F-873C2F081D8B}.Release|Any CPU.Build.0 = Release|Any CPU
		{F9AC43A4-77D5-4B19-861F-873C2F081D8B}.Release|x64.ActiveCfg = Release|Any CPU
		{F9AC43A4-77D5-4B19-861F-873C2F081D8B}.Release|x64.Build.0 = Release|Any CPU
		{F9AC43A4-77D5-4B19-861F-873C2F081D8B}.Release|x86.ActiveCfg = Release|Any CPU
		{F9AC43A4-77D5-4B19-861F-873C2F081D8B}.Release|x86.Build.0 = Release|Any CPU
		{D5CC3B00-8567-49B3-84BA-C6204EF1BD2E}.Debug|Any CPU.ActiveCfg = Debug|Any CPU
		{D5CC3B00-8567-49B3-84BA-C6204EF1BD2E}.Debug|Any CPU.Build.0 = Debug|Any CPU
		{D5CC3B00-8567-49B3-84BA-C6204EF1BD2E}.Debug|x64.ActiveCfg = Debug|Any CPU
		{D5CC3B00-8567-49B3-84BA-C6204EF1BD2E}.Debug|x64.Build.0 = Debug|Any CPU
		{D5CC3B00-8567-49B3-84BA-C6204EF1BD2E}.Debug|x86.ActiveCfg = Debug|Any CPU
		{D5CC3B00-8567-49B3-84BA-C6204EF1BD2E}.Debug|x86.Build.0 = Debug|Any CPU
		{D5CC3B00-8567-49B3-84BA-C6204EF1BD2E}.Release|Any CPU.ActiveCfg = Release|Any CPU
		{D5CC3B00-8567-49B3-84BA-C6204EF1BD2E}.Release|Any CPU.Build.0 = Release|Any CPU
		{D5CC3B00-8567-49B3-84BA-C6204EF1BD2E}.Release|x64.ActiveCfg = Release|Any CPU
		{D5CC3B00-8567-49B3-84BA-C6204EF1BD2E}.Release|x64.Build.0 = Release|Any CPU
		{D5CC3B00-8567-49B3-84BA-C6204EF1BD2E}.Release|x86.ActiveCfg = Release|Any CPU
		{D5CC3B00-8567-49B3-84BA-C6204EF1BD2E}.Release|x86.Build.0 = Release|Any CPU
		{536D5AC3-A275-48BA-BBA7-2E130E5522E3}.Debug|Any CPU.ActiveCfg = Debug|Any CPU
		{536D5AC3-A275-48BA-BBA7-2E130E5522E3}.Debug|Any CPU.Build.0 = Debug|Any CPU
		{536D5AC3-A275-48BA-BBA7-2E130E5522E3}.Debug|x64.ActiveCfg = Debug|Any CPU
		{536D5AC3-A275-48BA-BBA7-2E130E5522E3}.Debug|x64.Build.0 = Debug|Any CPU
		{536D5AC3-A275-48BA-BBA7-2E130E5522E3}.Debug|x86.ActiveCfg = Debug|Any CPU
		{536D5AC3-A275-48BA-BBA7-2E130E5522E3}.Debug|x86.Build.0 = Debug|Any CPU
		{536D5AC3-A275-48BA-BBA7-2E130E5522E3}.Release|Any CPU.ActiveCfg = Release|Any CPU
		{536D5AC3-A275-48BA-BBA7-2E130E5522E3}.Release|Any CPU.Build.0 = Release|Any CPU
		{536D5AC3-A275-48BA-BBA7-2E130E5522E3}.Release|x64.ActiveCfg = Release|Any CPU
		{536D5AC3-A275-48BA-BBA7-2E130E5522E3}.Release|x64.Build.0 = Release|Any CPU
		{536D5AC3-A275-48BA-BBA7-2E130E5522E3}.Release|x86.ActiveCfg = Release|Any CPU
		{536D5AC3-A275-48BA-BBA7-2E130E5522E3}.Release|x86.Build.0 = Release|Any CPU
		{6F30B008-3B01-42BC-9008-7E07ADED4CBC}.Debug|Any CPU.ActiveCfg = Debug|Any CPU
		{6F30B008-3B01-42BC-9008-7E07ADED4CBC}.Debug|Any CPU.Build.0 = Debug|Any CPU
		{6F30B008-3B01-42BC-9008-7E07ADED4CBC}.Debug|x64.ActiveCfg = Debug|Any CPU
		{6F30B008-3B01-42BC-9008-7E07ADED4CBC}.Debug|x64.Build.0 = Debug|Any CPU
		{6F30B008-3B01-42BC-9008-7E07ADED4CBC}.Debug|x86.ActiveCfg = Debug|Any CPU
		{6F30B008-3B01-42BC-9008-7E07ADED4CBC}.Debug|x86.Build.0 = Debug|Any CPU
		{6F30B008-3B01-42BC-9008-7E07ADED4CBC}.Release|Any CPU.ActiveCfg = Release|Any CPU
		{6F30B008-3B01-42BC-9008-7E07ADED4CBC}.Release|Any CPU.Build.0 = Release|Any CPU
		{6F30B008-3B01-42BC-9008-7E07ADED4CBC}.Release|x64.ActiveCfg = Release|Any CPU
		{6F30B008-3B01-42BC-9008-7E07ADED4CBC}.Release|x64.Build.0 = Release|Any CPU
		{6F30B008-3B01-42BC-9008-7E07ADED4CBC}.Release|x86.ActiveCfg = Release|Any CPU
		{6F30B008-3B01-42BC-9008-7E07ADED4CBC}.Release|x86.Build.0 = Release|Any CPU
		{4E5C250E-3D6A-4099-8EB4-EEEADDE779CA}.Debug|Any CPU.ActiveCfg = Debug|Any CPU
		{4E5C250E-3D6A-4099-8EB4-EEEADDE779CA}.Debug|Any CPU.Build.0 = Debug|Any CPU
		{4E5C250E-3D6A-4099-8EB4-EEEADDE779CA}.Debug|x64.ActiveCfg = Debug|Any CPU
		{4E5C250E-3D6A-4099-8EB4-EEEADDE779CA}.Debug|x64.Build.0 = Debug|Any CPU
		{4E5C250E-3D6A-4099-8EB4-EEEADDE779CA}.Debug|x86.ActiveCfg = Debug|Any CPU
		{4E5C250E-3D6A-4099-8EB4-EEEADDE779CA}.Debug|x86.Build.0 = Debug|Any CPU
		{4E5C250E-3D6A-4099-8EB4-EEEADDE779CA}.Release|Any CPU.ActiveCfg = Release|Any CPU
		{4E5C250E-3D6A-4099-8EB4-EEEADDE779CA}.Release|Any CPU.Build.0 = Release|Any CPU
		{4E5C250E-3D6A-4099-8EB4-EEEADDE779CA}.Release|x64.ActiveCfg = Release|Any CPU
		{4E5C250E-3D6A-4099-8EB4-EEEADDE779CA}.Release|x64.Build.0 = Release|Any CPU
		{4E5C250E-3D6A-4099-8EB4-EEEADDE779CA}.Release|x86.ActiveCfg = Release|Any CPU
		{4E5C250E-3D6A-4099-8EB4-EEEADDE779CA}.Release|x86.Build.0 = Release|Any CPU
		{12DE716A-F1C6-4EB5-B939-135CBBF7F6D5}.Debug|Any CPU.ActiveCfg = Debug|Any CPU
		{12DE716A-F1C6-4EB5-B939-135CBBF7F6D5}.Debug|Any CPU.Build.0 = Debug|Any CPU
		{12DE716A-F1C6-4EB5-B939-135CBBF7F6D5}.Debug|x64.ActiveCfg = Debug|Any CPU
		{12DE716A-F1C6-4EB5-B939-135CBBF7F6D5}.Debug|x64.Build.0 = Debug|Any CPU
		{12DE716A-F1C6-4EB5-B939-135CBBF7F6D5}.Debug|x86.ActiveCfg = Debug|Any CPU
		{12DE716A-F1C6-4EB5-B939-135CBBF7F6D5}.Debug|x86.Build.0 = Debug|Any CPU
		{12DE716A-F1C6-4EB5-B939-135CBBF7F6D5}.Release|Any CPU.ActiveCfg = Release|Any CPU
		{12DE716A-F1C6-4EB5-B939-135CBBF7F6D5}.Release|Any CPU.Build.0 = Release|Any CPU
		{12DE716A-F1C6-4EB5-B939-135CBBF7F6D5}.Release|x64.ActiveCfg = Release|Any CPU
		{12DE716A-F1C6-4EB5-B939-135CBBF7F6D5}.Release|x64.Build.0 = Release|Any CPU
		{12DE716A-F1C6-4EB5-B939-135CBBF7F6D5}.Release|x86.ActiveCfg = Release|Any CPU
		{12DE716A-F1C6-4EB5-B939-135CBBF7F6D5}.Release|x86.Build.0 = Release|Any CPU
		{A96DA197-10F1-4AC1-BE06-75D439FE0F3F}.Debug|Any CPU.ActiveCfg = Debug|Any CPU
		{A96DA197-10F1-4AC1-BE06-75D439FE0F3F}.Debug|Any CPU.Build.0 = Debug|Any CPU
		{A96DA197-10F1-4AC1-BE06-75D439FE0F3F}.Debug|x64.ActiveCfg = Debug|Any CPU
		{A96DA197-10F1-4AC1-BE06-75D439FE0F3F}.Debug|x64.Build.0 = Debug|Any CPU
		{A96DA197-10F1-4AC1-BE06-75D439FE0F3F}.Debug|x86.ActiveCfg = Debug|Any CPU
		{A96DA197-10F1-4AC1-BE06-75D439FE0F3F}.Debug|x86.Build.0 = Debug|Any CPU
		{A96DA197-10F1-4AC1-BE06-75D439FE0F3F}.Release|Any CPU.ActiveCfg = Release|Any CPU
		{A96DA197-10F1-4AC1-BE06-75D439FE0F3F}.Release|Any CPU.Build.0 = Release|Any CPU
		{A96DA197-10F1-4AC1-BE06-75D439FE0F3F}.Release|x64.ActiveCfg = Release|Any CPU
		{A96DA197-10F1-4AC1-BE06-75D439FE0F3F}.Release|x64.Build.0 = Release|Any CPU
		{A96DA197-10F1-4AC1-BE06-75D439FE0F3F}.Release|x86.ActiveCfg = Release|Any CPU
		{A96DA197-10F1-4AC1-BE06-75D439FE0F3F}.Release|x86.Build.0 = Release|Any CPU
		{AD8DAF08-7570-4777-A43B-EFB800B84CF2}.Debug|Any CPU.ActiveCfg = Debug|Any CPU
		{AD8DAF08-7570-4777-A43B-EFB800B84CF2}.Debug|Any CPU.Build.0 = Debug|Any CPU
		{AD8DAF08-7570-4777-A43B-EFB800B84CF2}.Debug|x64.ActiveCfg = Debug|Any CPU
		{AD8DAF08-7570-4777-A43B-EFB800B84CF2}.Debug|x64.Build.0 = Debug|Any CPU
		{AD8DAF08-7570-4777-A43B-EFB800B84CF2}.Debug|x86.ActiveCfg = Debug|Any CPU
		{AD8DAF08-7570-4777-A43B-EFB800B84CF2}.Debug|x86.Build.0 = Debug|Any CPU
		{AD8DAF08-7570-4777-A43B-EFB800B84CF2}.Release|Any CPU.ActiveCfg = Release|Any CPU
		{AD8DAF08-7570-4777-A43B-EFB800B84CF2}.Release|Any CPU.Build.0 = Release|Any CPU
		{AD8DAF08-7570-4777-A43B-EFB800B84CF2}.Release|x64.ActiveCfg = Release|Any CPU
		{AD8DAF08-7570-4777-A43B-EFB800B84CF2}.Release|x64.Build.0 = Release|Any CPU
		{AD8DAF08-7570-4777-A43B-EFB800B84CF2}.Release|x86.ActiveCfg = Release|Any CPU
		{AD8DAF08-7570-4777-A43B-EFB800B84CF2}.Release|x86.Build.0 = Release|Any CPU
		{71996ADF-5853-4CAF-837E-92A03C59FEF2}.Debug|Any CPU.ActiveCfg = Debug|Any CPU
		{71996ADF-5853-4CAF-837E-92A03C59FEF2}.Debug|Any CPU.Build.0 = Debug|Any CPU
		{71996ADF-5853-4CAF-837E-92A03C59FEF2}.Debug|x64.ActiveCfg = Debug|Any CPU
		{71996ADF-5853-4CAF-837E-92A03C59FEF2}.Debug|x64.Build.0 = Debug|Any CPU
		{71996ADF-5853-4CAF-837E-92A03C59FEF2}.Debug|x86.ActiveCfg = Debug|Any CPU
		{71996ADF-5853-4CAF-837E-92A03C59FEF2}.Debug|x86.Build.0 = Debug|Any CPU
		{71996ADF-5853-4CAF-837E-92A03C59FEF2}.Release|Any CPU.ActiveCfg = Release|Any CPU
		{71996ADF-5853-4CAF-837E-92A03C59FEF2}.Release|Any CPU.Build.0 = Release|Any CPU
		{71996ADF-5853-4CAF-837E-92A03C59FEF2}.Release|x64.ActiveCfg = Release|Any CPU
		{71996ADF-5853-4CAF-837E-92A03C59FEF2}.Release|x64.Build.0 = Release|Any CPU
		{71996ADF-5853-4CAF-837E-92A03C59FEF2}.Release|x86.ActiveCfg = Release|Any CPU
		{71996ADF-5853-4CAF-837E-92A03C59FEF2}.Release|x86.Build.0 = Release|Any CPU
		{6AD658B1-0657-4C91-84EF-D7B1C08C6120}.Debug|Any CPU.ActiveCfg = Debug|Any CPU
		{6AD658B1-0657-4C91-84EF-D7B1C08C6120}.Debug|Any CPU.Build.0 = Debug|Any CPU
		{6AD658B1-0657-4C91-84EF-D7B1C08C6120}.Debug|x64.ActiveCfg = Debug|Any CPU
		{6AD658B1-0657-4C91-84EF-D7B1C08C6120}.Debug|x64.Build.0 = Debug|Any CPU
		{6AD658B1-0657-4C91-84EF-D7B1C08C6120}.Debug|x86.ActiveCfg = Debug|Any CPU
		{6AD658B1-0657-4C91-84EF-D7B1C08C6120}.Debug|x86.Build.0 = Debug|Any CPU
		{6AD658B1-0657-4C91-84EF-D7B1C08C6120}.Release|Any CPU.ActiveCfg = Release|Any CPU
		{6AD658B1-0657-4C91-84EF-D7B1C08C6120}.Release|Any CPU.Build.0 = Release|Any CPU
		{6AD658B1-0657-4C91-84EF-D7B1C08C6120}.Release|x64.ActiveCfg = Release|Any CPU
		{6AD658B1-0657-4C91-84EF-D7B1C08C6120}.Release|x64.Build.0 = Release|Any CPU
		{6AD658B1-0657-4C91-84EF-D7B1C08C6120}.Release|x86.ActiveCfg = Release|Any CPU
		{6AD658B1-0657-4C91-84EF-D7B1C08C6120}.Release|x86.Build.0 = Release|Any CPU
	EndGlobalSection
	GlobalSection(SolutionProperties) = preSolution
		HideSolutionNode = FALSE
	EndGlobalSection
	GlobalSection(NestedProjects) = preSolution
		{15B5B465-F0EB-4F45-893B-9FE023AE7D21} = {58BD5A91-9F13-495E-80C4-C97BAF6A0343}
		{86B0637D-886B-4143-80E6-8B8CEAF90644} = {58BD5A91-9F13-495E-80C4-C97BAF6A0343}
		{F9AC43A4-77D5-4B19-861F-873C2F081D8B} = {58BD5A91-9F13-495E-80C4-C97BAF6A0343}
		{D5CC3B00-8567-49B3-84BA-C6204EF1BD2E} = {58BD5A91-9F13-495E-80C4-C97BAF6A0343}
		{536D5AC3-A275-48BA-BBA7-2E130E5522E3} = {58BD5A91-9F13-495E-80C4-C97BAF6A0343}
		{6F30B008-3B01-42BC-9008-7E07ADED4CBC} = {43F2556A-DE6E-4634-9260-76A9EA6ECD6C}
		{4E5C250E-3D6A-4099-8EB4-EEEADDE779CA} = {43F2556A-DE6E-4634-9260-76A9EA6ECD6C}
		{0BEE93F9-DA3B-4E57-9F02-6A251453F161} = {43F2556A-DE6E-4634-9260-76A9EA6ECD6C}
		{FA351550-9988-401B-8202-5F538018FB0C} = {0BEE93F9-DA3B-4E57-9F02-6A251453F161}
		{12DE716A-F1C6-4EB5-B939-135CBBF7F6D5} = {FA351550-9988-401B-8202-5F538018FB0C}
		{A96DA197-10F1-4AC1-BE06-75D439FE0F3F} = {FA351550-9988-401B-8202-5F538018FB0C}
		{AD8DAF08-7570-4777-A43B-EFB800B84CF2} = {FA351550-9988-401B-8202-5F538018FB0C}
		{71996ADF-5853-4CAF-837E-92A03C59FEF2} = {FA351550-9988-401B-8202-5F538018FB0C}
		{6AD658B1-0657-4C91-84EF-D7B1C08C6120} = {FA351550-9988-401B-8202-5F538018FB0C}
	EndGlobalSection
EndGlobal
