
Microsoft Visual Studio Solution File, Format Version 12.00
# Visual Studio Version 17
VisualStudioVersion = 17.0.31903.59
MinimumVisualStudioVersion = 10.0.40219.1
Project("{2150E333-8FDC-42A3-9474-1A3956D46DE8}") = "apps", "apps", "{58BD5A91-9F13-495E-80C4-C97BAF6A0343}"
EndProject
Project("{FAE04EC0-301F-11D3-BF4B-00C04F79EFBC}") = "ApiGateway", "apps\api-gateway\ApiGateway.csproj", "{15B5B465-F0EB-4F45-893B-9FE023AE7D21}"
EndProject
Project("{FAE04EC0-301F-11D3-BF4B-00C04F79EFBC}") = "AuthService", "apps\auth-service\AuthService.csproj", "{86B0637D-886B-4143-80E6-8B8CEAF90644}"
EndProject
Project("{FAE04EC0-301F-11D3-BF4B-00C04F79EFBC}") = "CoreService", "apps\core-service\CoreService.csproj", "{F9AC43A4-77D5-4B19-861F-873C2F081D8B}"
EndProject
Project("{FAE04EC0-301F-11D3-BF4B-00C04F79EFBC}") = "NotificationService", "apps\notification-service\NotificationService.csproj", "{D5CC3B00-8567-49B3-84BA-C6204EF1BD2E}"
EndProject
Project("{FAE04EC0-301F-11D3-BF4B-00C04F79EFBC}") = "SearchService", "apps\search-service\SearchService.csproj", "{536D5AC3-A275-48BA-BBA7-2E130E5522E3}"
EndProject
Project("{2150E333-8FDC-42A3-9474-1A3956D46DE8}") = "shared", "shared", "{43F2556A-DE6E-4634-9260-76A9EA6ECD6C}"
EndProject
Project("{FAE04EC0-301F-11D3-BF4B-00C04F79EFBC}") = "DeskMatch.BuildingBlocks", "shared\building-blocks\DeskMatch.BuildingBlocks.csproj", "{6F30B008-3B01-42BC-9008-7E07ADED4CBC}"
EndProject
Project("{FAE04EC0-301F-11D3-BF4B-00C04F79EFBC}") = "DeskMatch.Domain", "shared\domain\DeskMatch.Domain.csproj", "{4E5C250E-3D6A-4099-8EB4-EEEADDE779CA}"
EndProject
Project("{2150E333-8FDC-42A3-9474-1A3956D46DE8}") = "sdk", "sdk", "{0BEE93F9-DA3B-4E57-9F02-6A251453F161}"
EndProject
Project("{2150E333-8FDC-42A3-9474-1A3956D46DE8}") = "src", "src", "{FA351550-9988-401B-8202-5F538018FB0C}"
EndProject
Project("{FAE04EC0-301F-11D3-BF4B-00C04F79EFBC}") = "DeskMatch.SDK.Notification", "shared\sdk\src\Notification\DeskMatch.SDK.Notification.csproj", "{12DE716A-F1C6-4EB5-B939-135CBBF7F6D5}"
EndProject
Project("{FAE04EC0-301F-11D3-BF4B-00C04F79EFBC}") = "DeskMatch.SDK.OpenSearch", "shared\sdk\src\OpenSearch\DeskMatch.SDK.OpenSearch.csproj", "{A96DA197-10F1-4AC1-BE06-75D439FE0F3F}"
EndProject
Project("{FAE04EC0-301F-11D3-BF4B-00C04F79EFBC}") = "DeskMatch.SDK.Redis", "shared\sdk\src\Redis\DeskMatch.SDK.Redis.csproj", "{AD8DAF08-7570-4777-A43B-EFB800B84CF2}"
EndProject
Project("{FAE04EC0-301F-11D3-BF4B-00C04F79EFBC}") = "DeskMatch.SDK.Storage", "shared\sdk\src\Storage\DeskMatch.SDK.Storage.csproj", "{71996ADF-5853-4CAF-837E-92A03C59FEF2}"
EndProject
Project("{2150E333-8FDC-42A3-9474-1A3956D46DE8}") = "auth-service", "auth-service", "{B33A3104-2CAD-4232-9B11-766FE485E3F5}"
EndProject
Project("{2150E333-8FDC-42A3-9474-1A3956D46DE8}") = "tests", "tests", "{3BBA0871-AC8E-45C0-AB7C-636E70140C56}"
EndProject
Project("{FAE04EC0-301F-11D3-BF4B-00C04F79EFBC}") = "DeskMatch.AuthService.Tests", "apps\auth-service\tests\DeskMatch.AuthService.Tests\DeskMatch.AuthService.Tests.csproj", "{CBFB9E36-899B-4A19-88E7-B96E6C550959}"
EndProject
Project("{2150E333-8FDC-42A3-9474-1A3956D46DE8}") = "core-service", "core-service", "{C6354F70-D38C-41A6-BF3B-AED0D7E90B2C}"
EndProject
Project("{2150E333-8FDC-42A3-9474-1A3956D46DE8}") = "tests", "tests", "{5C7EE838-1F6F-4D0C-BAA3-0DBDC5595285}"
EndProject
Project("{FAE04EC0-301F-11D3-BF4B-00C04F79EFBC}") = "DeskMatch.CoreService.Tests", "apps\core-service\tests\DeskMatch.CoreService.Tests\DeskMatch.CoreService.Tests.csproj", "{5FCB00D4-7060-4611-BEE6-12E033A2EDE2}"
EndProject
Global
	GlobalSection(SolutionConfigurationPlatforms) = preSolution
		Debug|Any CPU = Debug|Any CPU
		Release|Any CPU = Release|Any CPU
	EndGlobalSection
	GlobalSection(ProjectConfigurationPlatforms) = postSolution
		{15B5B465-F0EB-4F45-893B-9FE023AE7D21}.Debug|Any CPU.ActiveCfg = Debug|Any CPU
		{15B5B465-F0EB-4F45-893B-9FE023AE7D21}.Debug|Any CPU.Build.0 = Debug|Any CPU
		{15B5B465-F0EB-4F45-893B-9FE023AE7D21}.Release|Any CPU.ActiveCfg = Release|Any CPU
		{15B5B465-F0EB-4F45-893B-9FE023AE7D21}.Release|Any CPU.Build.0 = Release|Any CPU
		{86B0637D-886B-4143-80E6-8B8CEAF90644}.Debug|Any CPU.ActiveCfg = Debug|Any CPU
		{86B0637D-886B-4143-80E6-8B8CEAF90644}.Debug|Any CPU.Build.0 = Debug|Any CPU
		{86B0637D-886B-4143-80E6-8B8CEAF90644}.Release|Any CPU.ActiveCfg = Release|Any CPU
		{86B0637D-886B-4143-80E6-8B8CEAF90644}.Release|Any CPU.Build.0 = Release|Any CPU
		{F9AC43A4-77D5-4B19-861F-873C2F081D8B}.Debug|Any CPU.ActiveCfg = Debug|Any CPU
		{F9AC43A4-77D5-4B19-861F-873C2F081D8B}.Debug|Any CPU.Build.0 = Debug|Any CPU
		{F9AC43A4-77D5-4B19-861F-873C2F081D8B}.Release|Any CPU.ActiveCfg = Release|Any CPU
		{F9AC43A4-77D5-4B19-861F-873C2F081D8B}.Release|Any CPU.Build.0 = Release|Any CPU
		{D5CC3B00-8567-49B3-84BA-C6204EF1BD2E}.Debug|Any CPU.ActiveCfg = Debug|Any CPU
		{D5CC3B00-8567-49B3-84BA-C6204EF1BD2E}.Debug|Any CPU.Build.0 = Debug|Any CPU
		{D5CC3B00-8567-49B3-84BA-C6204EF1BD2E}.Release|Any CPU.ActiveCfg = Release|Any CPU
		{D5CC3B00-8567-49B3-84BA-C6204EF1BD2E}.Release|Any CPU.Build.0 = Release|Any CPU
		{536D5AC3-A275-48BA-BBA7-2E130E5522E3}.Debug|Any CPU.ActiveCfg = Debug|Any CPU
		{536D5AC3-A275-48BA-BBA7-2E130E5522E3}.Debug|Any CPU.Build.0 = Debug|Any CPU
		{536D5AC3-A275-48BA-BBA7-2E130E5522E3}.Release|Any CPU.ActiveCfg = Release|Any CPU
		{536D5AC3-A275-48BA-BBA7-2E130E5522E3}.Release|Any CPU.Build.0 = Release|Any CPU
		{6F30B008-3B01-42BC-9008-7E07ADED4CBC}.Debug|Any CPU.ActiveCfg = Debug|Any CPU
		{6F30B008-3B01-42BC-9008-7E07ADED4CBC}.Debug|Any CPU.Build.0 = Debug|Any CPU
		{6F30B008-3B01-42BC-9008-7E07ADED4CBC}.Release|Any CPU.ActiveCfg = Release|Any CPU
		{6F30B008-3B01-42BC-9008-7E07ADED4CBC}.Release|Any CPU.Build.0 = Release|Any CPU
		{4E5C250E-3D6A-4099-8EB4-EEEADDE779CA}.Debug|Any CPU.ActiveCfg = Debug|Any CPU
		{4E5C250E-3D6A-4099-8EB4-EEEADDE779CA}.Debug|Any CPU.Build.0 = Debug|Any CPU
		{4E5C250E-3D6A-4099-8EB4-EEEADDE779CA}.Release|Any CPU.ActiveCfg = Release|Any CPU
		{4E5C250E-3D6A-4099-8EB4-EEEADDE779CA}.Release|Any CPU.Build.0 = Release|Any CPU
		{12DE716A-F1C6-4EB5-B939-135CBBF7F6D5}.Debug|Any CPU.ActiveCfg = Debug|Any CPU
		{12DE716A-F1C6-4EB5-B939-135CBBF7F6D5}.Debug|Any CPU.Build.0 = Debug|Any CPU
		{12DE716A-F1C6-4EB5-B939-135CBBF7F6D5}.Release|Any CPU.ActiveCfg = Release|Any CPU
		{12DE716A-F1C6-4EB5-B939-135CBBF7F6D5}.Release|Any CPU.Build.0 = Release|Any CPU
		{A96DA197-10F1-4AC1-BE06-75D439FE0F3F}.Debug|Any CPU.ActiveCfg = Debug|Any CPU
		{A96DA197-10F1-4AC1-BE06-75D439FE0F3F}.Debug|Any CPU.Build.0 = Debug|Any CPU
		{A96DA197-10F1-4AC1-BE06-75D439FE0F3F}.Release|Any CPU.ActiveCfg = Release|Any CPU
		{A96DA197-10F1-4AC1-BE06-75D439FE0F3F}.Release|Any CPU.Build.0 = Release|Any CPU
		{AD8DAF08-7570-4777-A43B-EFB800B84CF2}.Debug|Any CPU.ActiveCfg = Debug|Any CPU
		{AD8DAF08-7570-4777-A43B-EFB800B84CF2}.Debug|Any CPU.Build.0 = Debug|Any CPU
		{AD8DAF08-7570-4777-A43B-EFB800B84CF2}.Release|Any CPU.ActiveCfg = Release|Any CPU
		{AD8DAF08-7570-4777-A43B-EFB800B84CF2}.Release|Any CPU.Build.0 = Release|Any CPU
		{71996ADF-5853-4CAF-837E-92A03C59FEF2}.Debug|Any CPU.ActiveCfg = Debug|Any CPU
		{71996ADF-5853-4CAF-837E-92A03C59FEF2}.Debug|Any CPU.Build.0 = Debug|Any CPU
		{71996ADF-5853-4CAF-837E-92A03C59FEF2}.Release|Any CPU.ActiveCfg = Release|Any CPU
		{71996ADF-5853-4CAF-837E-92A03C59FEF2}.Release|Any CPU.Build.0 = Release|Any CPU
		{CBFB9E36-899B-4A19-88E7-B96E6C550959}.Debug|Any CPU.ActiveCfg = Debug|Any CPU
		{CBFB9E36-899B-4A19-88E7-B96E6C550959}.Debug|Any CPU.Build.0 = Debug|Any CPU
		{CBFB9E36-899B-4A19-88E7-B96E6C550959}.Release|Any CPU.ActiveCfg = Release|Any CPU
		{CBFB9E36-899B-4A19-88E7-B96E6C550959}.Release|Any CPU.Build.0 = Release|Any CPU
		{5FCB00D4-7060-4611-BEE6-12E033A2EDE2}.Debug|Any CPU.ActiveCfg = Debug|Any CPU
		{5FCB00D4-7060-4611-BEE6-12E033A2EDE2}.Debug|Any CPU.Build.0 = Debug|Any CPU
		{5FCB00D4-7060-4611-BEE6-12E033A2EDE2}.Release|Any CPU.ActiveCfg = Release|Any CPU
		{5FCB00D4-7060-4611-BEE6-12E033A2EDE2}.Release|Any CPU.Build.0 = Release|Any CPU
	EndGlobalSection
	GlobalSection(NestedProjects) = preSolution
		{15B5B465-F0EB-4F45-893B-9FE023AE7D21} = {58BD5A91-9F13-495E-80C4-C97BAF6A0343}
		{86B0637D-886B-4143-80E6-8B8CEAF90644} = {58BD5A91-9F13-495E-80C4-C97BAF6A0343}
		{F9AC43A4-77D5-4B19-861F-873C2F081D8B} = {58BD5A91-9F13-495E-80C4-C97BAF6A0343}
		{D5CC3B00-8567-49B3-84BA-C6204EF1BD2E} = {58BD5A91-9F13-495E-80C4-C97BAF6A0343}
		{536D5AC3-A275-48BA-BBA7-2E130E5522E3} = {58BD5A91-9F13-495E-80C4-C97BAF6A0343}
		{6F30B008-3B01-42BC-9008-7E07ADED4CBC} = {43F2556A-DE6E-4634-9260-76A9EA6ECD6C}
		{4E5C250E-3D6A-4099-8EB4-EEEADDE779CA} = {43F2556A-DE6E-4634-9260-76A9EA6ECD6C}
		{0BEE93F9-DA3B-4E57-9F02-6A251453F161} = {43F2556A-DE6E-4634-9260-76A9EA6ECD6C}
		{FA351550-9988-401B-8202-5F538018FB0C} = {0BEE93F9-DA3B-4E57-9F02-6A251453F161}
		{12DE716A-F1C6-4EB5-B939-135CBBF7F6D5} = {FA351550-9988-401B-8202-5F538018FB0C}
		{A96DA197-10F1-4AC1-BE06-75D439FE0F3F} = {FA351550-9988-401B-8202-5F538018FB0C}
		{AD8DAF08-7570-4777-A43B-EFB800B84CF2} = {FA351550-9988-401B-8202-5F538018FB0C}
		{71996ADF-5853-4CAF-837E-92A03C59FEF2} = {FA351550-9988-401B-8202-5F538018FB0C}
		{B33A3104-2CAD-4232-9B11-766FE485E3F5} = {58BD5A91-9F13-495E-80C4-C97BAF6A0343}
		{3BBA0871-AC8E-45C0-AB7C-636E70140C56} = {B33A3104-2CAD-4232-9B11-766FE485E3F5}
		{CBFB9E36-899B-4A19-88E7-B96E6C550959} = {3BBA0871-AC8E-45C0-AB7C-636E70140C56}
		{C6354F70-D38C-41A6-BF3B-AED0D7E90B2C} = {58BD5A91-9F13-495E-80C4-C97BAF6A0343}
		{5C7EE838-1F6F-4D0C-BAA3-0DBDC5595285} = {C6354F70-D38C-41A6-BF3B-AED0D7E90B2C}
		{5FCB00D4-7060-4611-BEE6-12E033A2EDE2} = {5C7EE838-1F6F-4D0C-BAA3-0DBDC5595285}
	EndGlobalSection
EndGlobal
